{
  "name": "ckeditor-codemirror-plugin-website",
  "version": "1.0.0",
  "lockfileVersion": 3,
  "requires": true,
  "packages": {
    "": {
      "name": "ckeditor-codemirror-plugin-website",
      "version": "1.0.0",
      "license": "MIT",
      "dependencies": {
        "ckeditor4": "^4.22.1"
      }
    },
    "node_modules/ckeditor4": {
      "version": "4.22.1",
      "resolved": "https://registry.npmjs.org/ckeditor4/-/ckeditor4-4.22.1.tgz",
      "integrity": "sha512-Yj4vTHX5YxHwc48gNqUqTm+KLkRr9tuyb4O2VIABu4oKHWRNVIdLdy6vUNe/XNx+RiTavMejfA1MVOU/MxLjqQ==",
      "license": "(GPL-2.0 OR LGPL-2.1 OR MPL-1.1)"
    }
  }
}
